
Microsoft Visual Studio Solution File, Format Version 12.00
# Visual Studio Version 17
VisualStudioVersion = 17.5.33516.290
MinimumVisualStudioVersion = 10.0.40219.1
Project("{8BC9CEB8-8B4A-11D0-8D11-00A0C91BC942}") = "BF4 Purge v3", "BF4 Purge v3\BF4 Purge v3.vcxproj", "{F301C53B-0079-4568-A9CE-BD2554AD7B43}"
EndProject
Global
	GlobalSection(SolutionConfigurationPlatforms) = preSolution
		Debug|x64 = Debug|x64
		Debug|x86 = Debug|x86
		Release|x64 = Release|x64
		Release|x86 = Release|x86
	EndGlobalSection
	GlobalSection(ProjectConfigurationPlatforms) = postSolution
		{F301C53B-0079-4568-A9CE-BD2554AD7B43}.Debug|x64.ActiveCfg = Debug|x64
		{F301C53B-0079-4568-A9CE-BD2554AD7B43}.Debug|x64.Build.0 = Debug|x64
		{F301C53B-0079-4568-A9CE-BD2554AD7B43}.Debug|x86.ActiveCfg = Debug|Win32
		{F301C53B-0079-4568-A9CE-BD2554AD7B43}.Debug|x86.Build.0 = Debug|Win32
		{F301C53B-0079-4568-A9CE-BD2554AD7B43}.Release|x64.ActiveCfg = Release|x64
		{F301C53B-0079-4568-A9CE-BD2554AD7B43}.Release|x64.Build.0 = Release|x64
		{F301C53B-0079-4568-A9CE-BD2554AD7B43}.Release|x86.ActiveCfg = Release|Win32
		{F301C53B-0079-4568-A9CE-BD2554AD7B43}.Release|x86.Build.0 = Release|Win32
	EndGlobalSection
	GlobalSection(SolutionProperties) = preSolution
		HideSolutionNode = FALSE
	EndGlobalSection
	GlobalSection(ExtensibilityGlobals) = postSolution
		SolutionGuid = {34C53B4D-08EE-4404-A3DF-10D0E0558200}
	EndGlobalSection
EndGlobal
