<?xml version="1.0" encoding="utf-8"?>
<Project ToolsVersion="4.0" xmlns="http://schemas.microsoft.com/developer/msbuild/2003">
  <ItemGroup>
    <Filter Include="Source Files">
      <UniqueIdentifier>{4FC737F1-C7A5-4376-A066-2A32D752A2FF}</UniqueIdentifier>
      <Extensions>cpp;c;cc;cxx;c++;cppm;ixx;def;odl;idl;hpj;bat;asm;asmx</Extensions>
    </Filter>
    <Filter Include="MinHook">
      <UniqueIdentifier>{41ba1ede-27c4-48cc-b5e8-0ab493cc4b8f}</UniqueIdentifier>
    </Filter>
    <Filter Include="ImGUI">
      <UniqueIdentifier>{770af657-6688-46f5-8cef-b6a0571a5192}</UniqueIdentifier>
    </Filter>
    <Filter Include="SDK">
      <UniqueIdentifier>{531fc25d-87b8-451a-a331-c346f59533ea}</UniqueIdentifier>
    </Filter>
    <Filter Include="Math">
      <UniqueIdentifier>{ed655e60-d311-4a8f-866d-05d85ee28469}</UniqueIdentifier>
    </Filter>
    <Filter Include="Features">
      <UniqueIdentifier>{d49fa091-08c8-4f8f-9e00-127efefc6172}</UniqueIdentifier>
    </Filter>
    <Filter Include="Menu">
      <UniqueIdentifier>{7203e2ad-ee36-48e2-ac87-b387d0799bdc}</UniqueIdentifier>
    </Filter>
    <Filter Include="Internal">
      <UniqueIdentifier>{cec132e7-bd54-46af-a1a5-e9cd21d5733c}</UniqueIdentifier>
    </Filter>
    <Filter Include="Renderer">
      <UniqueIdentifier>{a4d63faf-b70d-48ec-9cbd-617a01943686}</UniqueIdentifier>
    </Filter>
  </ItemGroup>
  <ItemGroup>
    <ClCompile Include="main.cpp">
      <Filter>Source Files</Filter>
    </ClCompile>
    <ClCompile Include="..\ImGUI\imgui.cpp">
      <Filter>ImGUI</Filter>
    </ClCompile>
    <ClCompile Include="..\ImGUI\imgui_demo.cpp">
      <Filter>ImGUI</Filter>
    </ClCompile>
    <ClCompile Include="..\ImGUI\imgui_draw.cpp">
      <Filter>ImGUI</Filter>
    </ClCompile>
    <ClCompile Include="..\ImGUI\imgui_impl_dx11.cpp">
      <Filter>ImGUI</Filter>
    </ClCompile>
    <ClCompile Include="..\ImGUI\imgui_impl_win32.cpp">
      <Filter>ImGUI</Filter>
    </ClCompile>
    <ClCompile Include="..\ImGUI\imgui_tables.cpp">
      <Filter>ImGUI</Filter>
    </ClCompile>
    <ClCompile Include="..\ImGUI\imgui_widgets.cpp">
      <Filter>ImGUI</Filter>
    </ClCompile>
    <ClCompile Include="Interface.cpp">
      <Filter>Menu</Filter>
    </ClCompile>
    <ClCompile Include="Engine.cpp">
      <Filter>SDK</Filter>
    </ClCompile>
    <ClCompile Include="Aimbot.cpp">
      <Filter>Features</Filter>
    </ClCompile>
    <ClCompile Include="Visuals.cpp">
      <Filter>Features</Filter>
    </ClCompile>
    <ClCompile Include="BoundingBox.cpp">
      <Filter>Internal</Filter>
    </ClCompile>
    <ClCompile Include="Globals.cpp">
      <Filter>Source Files</Filter>
    </ClCompile>
    <ClCompile Include="TypeInfo.cpp">
      <Filter>SDK</Filter>
    </ClCompile>
    <ClCompile Include="Renderer.cpp">
      <Filter>Renderer</Filter>
    </ClCompile>
    <ClCompile Include="Cfg.cpp">
      <Filter>Features</Filter>
    </ClCompile>
  </ItemGroup>
  <ItemGroup>
    <ClInclude Include="..\MinHook\MinHook.h">
      <Filter>MinHook</Filter>
    </ClInclude>
    <ClInclude Include="..\ImGUI\imconfig.h">
      <Filter>ImGUI</Filter>
    </ClInclude>
    <ClInclude Include="..\ImGUI\imgui.h">
      <Filter>ImGUI</Filter>
    </ClInclude>
    <ClInclude Include="..\ImGUI\imgui_impl_dx11.h">
      <Filter>ImGUI</Filter>
    </ClInclude>
    <ClInclude Include="..\ImGUI\imgui_impl_win32.h">
      <Filter>ImGUI</Filter>
    </ClInclude>
    <ClInclude Include="..\ImGUI\imgui_internal.h">
      <Filter>ImGUI</Filter>
    </ClInclude>
    <ClInclude Include="..\ImGUI\imstb_rectpack.h">
      <Filter>ImGUI</Filter>
    </ClInclude>
    <ClInclude Include="..\ImGUI\imstb_textedit.h">
      <Filter>ImGUI</Filter>
    </ClInclude>
    <ClInclude Include="..\ImGUI\imstb_truetype.h">
      <Filter>ImGUI</Filter>
    </ClInclude>
    <ClInclude Include="includes.h">
      <Filter>Source Files</Filter>
    </ClInclude>
    <ClInclude Include="Engine.h">
      <Filter>SDK</Filter>
    </ClInclude>
    <ClInclude Include="xorstr.hpp">
      <Filter>Math</Filter>
    </ClInclude>
    <ClInclude Include="Aimbot.h">
      <Filter>Features</Filter>
    </ClInclude>
    <ClInclude Include="Interface.h">
      <Filter>Menu</Filter>
    </ClInclude>
    <ClInclude Include="Visuals.h">
      <Filter>Features</Filter>
    </ClInclude>
    <ClInclude Include="BoundingBox.h">
      <Filter>Internal</Filter>
    </ClInclude>
    <ClInclude Include="Globals.h">
      <Filter>Source Files</Filter>
    </ClInclude>
    <ClInclude Include="TypeInfo.h">
      <Filter>SDK</Filter>
    </ClInclude>
    <ClInclude Include="Renderer.h">
      <Filter>Renderer</Filter>
    </ClInclude>
    <ClInclude Include="Cfg.h">
      <Filter>Features</Filter>
    </ClInclude>
  </ItemGroup>
</Project>